
Microsoft Visual Studio Solution File, Format Version 11.00
# Visual Studio 2010
Project("{FAE04EC0-301F-11D3-BF4B-00C04F79EFBC}") = "Assembly-CSharp", "Assembly-CSharp.csproj", "{379A7A6B-2233-E617-956E-FC5866536F07}"
EndProject
Project("{FAE04EC0-301F-11D3-BF4B-00C04F79EFBC}") = "Assembly-CSharp-Editor", "Assembly-CSharp-Editor.csproj", "{32C03DD1-A7DD-639B-B614-AD39531BFEEE}"
EndProject
Global
	GlobalSection(SolutionConfigurationPlatforms) = preSolution
		Debug|Any CPU = Debug|Any CPU
		Release|Any CPU = Release|Any CPU
	EndGlobalSection
	GlobalSection(ProjectConfigurationPlatforms) = postSolution
		{379A7A6B-2233-E617-956E-FC5866536F07}.Debug|Any CPU.ActiveCfg = Debug|Any CPU
		{379A7A6B-2233-E617-956E-FC5866536F07}.Debug|Any CPU.Build.0 = Debug|Any CPU
		{379A7A6B-2233-E617-956E-FC5866536F07}.Release|Any CPU.ActiveCfg = Release|Any CPU
		{379A7A6B-2233-E617-956E-FC5866536F07}.Release|Any CPU.Build.0 = Release|Any CPU
		{32C03DD1-A7DD-639B-B614-AD39531BFEEE}.Debug|Any CPU.ActiveCfg = Debug|Any CPU
		{32C03DD1-A7DD-639B-B614-AD39531BFEEE}.Debug|Any CPU.Build.0 = Debug|Any CPU
		{32C03DD1-A7DD-639B-B614-AD39531BFEEE}.Release|Any CPU.ActiveCfg = Release|Any CPU
		{32C03DD1-A7DD-639B-B614-AD39531BFEEE}.Release|Any CPU.Build.0 = Release|Any CPU
	EndGlobalSection
	GlobalSection(SolutionProperties) = preSolution
		HideSolutionNode = FALSE
	EndGlobalSection
	GlobalSection(MonoDevelopProperties) = preSolution
		StartupItem = Assembly-CSharp.csproj
	EndGlobalSection
EndGlobal
